<?xml version="1.0" encoding="utf-8"?>
<Project ToolsVersion="4.0" xmlns="http://schemas.microsoft.com/developer/msbuild/2003">
  <ItemGroup>
    <Filter Include="Source">
      <UniqueIdentifier>{4FC737F1-C7A5-4376-A066-2A32D752A2FF}</UniqueIdentifier>
      <Extensions>cpp;c;cc;cxx;def;odl;idl;hpj;bat;asm;asmx</Extensions>
    </Filter>
    <Filter Include="Source\Node">
      <UniqueIdentifier>{24e96907-32bc-417f-a65b-3e62a921c9f3}</UniqueIdentifier>
    </Filter>
    <Filter Include="Source\Manager">
      <UniqueIdentifier>{a6f1f7ae-9edc-4e9f-994b-37169109fb0c}</UniqueIdentifier>
    </Filter>
    <Filter Include="Source\Utility">
      <UniqueIdentifier>{47afc0a2-7065-4282-adda-b3f1f6051763}</UniqueIdentifier>
    </Filter>
    <Filter Include="Source\Utility\Math">
      <UniqueIdentifier>{5cd95b1a-597b-4ac9-b904-29a5915050b6}</UniqueIdentifier>
    </Filter>
    <Filter Include="Source\Utility\Input">
      <UniqueIdentifier>{1d018dc0-0727-4d6d-84d1-80ee7d9f2922}</UniqueIdentifier>
    </Filter>
    <Filter Include="Source\Utility\Graphics">
      <UniqueIdentifier>{e89a401e-ad41-4fbb-9897-6754eff39e5a}</UniqueIdentifier>
    </Filter>
    <Filter Include="Resources">
      <UniqueIdentifier>{ffccf244-ace3-4ced-90b6-11875ee43b0f}</UniqueIdentifier>
    </Filter>
    <Filter Include="Resources\Shader">
      <UniqueIdentifier>{1d8e0f40-c2c2-49ba-acbb-d6407af223f5}</UniqueIdentifier>
    </Filter>
    <Filter Include="Source\Node\Components">
      <UniqueIdentifier>{b19c852b-2afe-4036-8bed-26bd36155bce}</UniqueIdentifier>
    </Filter>
    <Filter Include="Source\Node\Scripts">
      <UniqueIdentifier>{e6546823-b46d-4ad9-831b-806b1185f44e}</UniqueIdentifier>
    </Filter>
  </ItemGroup>
  <ItemGroup>
    <ClCompile Include="Source\main.cpp">
      <Filter>Source</Filter>
    </ClCompile>
    <ClCompile Include="Source\Utility\Math\Vector3.cpp">
      <Filter>Source\Utility\Math</Filter>
    </ClCompile>
    <ClCompile Include="Source\Utility\Math\Vector4.cpp">
      <Filter>Source\Utility\Math</Filter>
    </ClCompile>
    <ClCompile Include="Source\Utility\Math\Vector2.cpp">
      <Filter>Source\Utility\Math</Filter>
    </ClCompile>
    <ClCompile Include="Source\Utility\Math\MatrixStack.cpp">
      <Filter>Source\Utility\Math</Filter>
    </ClCompile>
    <ClCompile Include="Source\Utility\Math\Mtx44.cpp">
      <Filter>Source\Utility\Math</Filter>
    </ClCompile>
    <ClCompile Include="Source\Application.cpp">
      <Filter>Source</Filter>
    </ClCompile>
    <ClCompile Include="Source\Utility\Math\Stopwatch.cpp">
      <Filter>Source\Utility\Math</Filter>
    </ClCompile>
    <ClCompile Include="Source\Utility\Input\ControllerMouse.cpp">
      <Filter>Source\Utility\Input</Filter>
    </ClCompile>
    <ClCompile Include="Source\Utility\Input\ControllerKeyboard.cpp">
      <Filter>Source\Utility\Input</Filter>
    </ClCompile>
    <ClCompile Include="Source\Manager\MgrScene.cpp">
      <Filter>Source\Manager</Filter>
    </ClCompile>
    <ClCompile Include="Source\Manager\MgrGraphics.cpp">
      <Filter>Source\Manager</Filter>
    </ClCompile>
    <ClCompile Include="Source\Manager\MgrMain.cpp">
      <Filter>Source\Manager</Filter>
    </ClCompile>
    <ClCompile Include="Source\Node\Scene.cpp">
      <Filter>Source\Node</Filter>
    </ClCompile>
    <ClCompile Include="Source\Node\GameObj.cpp">
      <Filter>Source\Node</Filter>
    </ClCompile>
    <ClCompile Include="Source\Node\Node.cpp">
      <Filter>Source\Node</Filter>
    </ClCompile>
    <ClCompile Include="Source\Manager\MgrResource.cpp">
      <Filter>Source\Manager</Filter>
    </ClCompile>
    <ClCompile Include="Source\Node\Scripts.cpp">
      <Filter>Source\Node</Filter>
    </ClCompile>
    <ClCompile Include="Source\Node\Components.cpp">
      <Filter>Source\Node</Filter>
    </ClCompile>
    <ClCompile Include="Source\Node\Components\Transform.cpp">
      <Filter>Source\Node\Components</Filter>
    </ClCompile>
    <ClCompile Include="Source\Node\Components\Renderable.cpp">
      <Filter>Source\Node\Components</Filter>
    </ClCompile>
    <ClCompile Include="Source\Node\Components\Camera.cpp">
      <Filter>Source\Node\Components</Filter>
    </ClCompile>
    <ClCompile Include="Source\Node\Components\Axis.cpp">
      <Filter>Source\Node\Components</Filter>
    </ClCompile>
    <ClCompile Include="Source\Node\Components\Text.cpp">
      <Filter>Source\Node\Components</Filter>
    </ClCompile>
    <ClCompile Include="Source\Node\Components\Sprite.cpp">
      <Filter>Source\Node\Components</Filter>
    </ClCompile>
    <ClCompile Include="Source\Node\Scripts\DebugText.cpp">
      <Filter>Source\Node\Scripts</Filter>
    </ClCompile>
    <ClCompile Include="Source\Manager\MgrGameObj.cpp">
      <Filter>Source\Manager</Filter>
    </ClCompile>
  </ItemGroup>
  <ItemGroup>
    <ClInclude Include="Source\Utility\TypeID.h">
      <Filter>Source\Utility</Filter>
    </ClInclude>
    <ClInclude Include="Source\Utility\WinDebug.h">
      <Filter>Source\Utility</Filter>
    </ClInclude>
    <ClInclude Include="Source\Utility\Singleton.h">
      <Filter>Source\Utility</Filter>
    </ClInclude>
    <ClInclude Include="Source\Utility\Resource.h">
      <Filter>Source\Utility</Filter>
    </ClInclude>
    <ClInclude Include="Source\Utility\Math\Vector2.h">
      <Filter>Source\Utility\Math</Filter>
    </ClInclude>
    <ClInclude Include="Source\Utility\Math\Vector3.h">
      <Filter>Source\Utility\Math</Filter>
    </ClInclude>
    <ClInclude Include="Source\Utility\Math\Vector4.h">
      <Filter>Source\Utility\Math</Filter>
    </ClInclude>
    <ClInclude Include="Source\Utility\Math\Mtx44.h">
      <Filter>Source\Utility\Math</Filter>
    </ClInclude>
    <ClInclude Include="Source\Utility\Math\MyMath.h">
      <Filter>Source\Utility\Math</Filter>
    </ClInclude>
    <ClInclude Include="Source\Utility\Math\MatrixStack.h">
      <Filter>Source\Utility\Math</Filter>
    </ClInclude>
    <ClInclude Include="Source\Utility\Math\Stopwatch.h">
      <Filter>Source\Utility\Math</Filter>
    </ClInclude>
    <ClInclude Include="Source\Manager\Manager.h">
      <Filter>Source\Manager</Filter>
    </ClInclude>
    <ClInclude Include="Source\Utility\Input\ControllerMouse.h">
      <Filter>Source\Utility\Input</Filter>
    </ClInclude>
    <ClInclude Include="Source\Utility\Input\ControllerKeyboard.h">
      <Filter>Source\Utility\Input</Filter>
    </ClInclude>
    <ClInclude Include="Source\Manager\MgrScene.h">
      <Filter>Source\Manager</Filter>
    </ClInclude>
    <ClInclude Include="Source\Utility\Graphics\Vertex.h">
      <Filter>Source\Utility\Graphics</Filter>
    </ClInclude>
    <ClInclude Include="Source\Utility\Graphics\MeshBuilder.h">
      <Filter>Source\Utility\Graphics</Filter>
    </ClInclude>
    <ClInclude Include="Source\Utility\Graphics\Mesh.h">
      <Filter>Source\Utility\Graphics</Filter>
    </ClInclude>
    <ClInclude Include="Source\Application.h">
      <Filter>Source</Filter>
    </ClInclude>
    <ClInclude Include="Source\Manager\MgrGraphics.h">
      <Filter>Source\Manager</Filter>
    </ClInclude>
    <ClInclude Include="Source\Manager\MgrMain.h">
      <Filter>Source\Manager</Filter>
    </ClInclude>
    <ClInclude Include="Source\Node\Scene.h">
      <Filter>Source\Node</Filter>
    </ClInclude>
    <ClInclude Include="Source\Node\GameObj.h">
      <Filter>Source\Node</Filter>
    </ClInclude>
    <ClInclude Include="Source\Node\Node.h">
      <Filter>Source\Node</Filter>
    </ClInclude>
    <ClInclude Include="Source\Utility\Graphics\Material.h">
      <Filter>Source\Utility\Graphics</Filter>
    </ClInclude>
    <ClInclude Include="Source\Manager\MgrResource.h">
      <Filter>Source\Manager</Filter>
    </ClInclude>
    <ClInclude Include="Source\Node\Components.h">
      <Filter>Source\Node</Filter>
    </ClInclude>
    <ClInclude Include="Source\Node\Scripts.h">
      <Filter>Source\Node</Filter>
    </ClInclude>
    <ClInclude Include="Source\Node\Components\Transform.h">
      <Filter>Source\Node\Components</Filter>
    </ClInclude>
    <ClInclude Include="Source\Node\Components\Renderable.h">
      <Filter>Source\Node\Components</Filter>
    </ClInclude>
    <ClInclude Include="Source\Node\Components\Camera.h">
      <Filter>Source\Node\Components</Filter>
    </ClInclude>
    <ClInclude Include="Source\Node\Components\Axis.h">
      <Filter>Source\Node\Components</Filter>
    </ClInclude>
    <ClInclude Include="Source\Node\Components\Sprite.h">
      <Filter>Source\Node\Components</Filter>
    </ClInclude>
    <ClInclude Include="Source\Node\Components\Text.h">
      <Filter>Source\Node\Components</Filter>
    </ClInclude>
    <ClInclude Include="Source\Node\Scripts\DebugText.h">
      <Filter>Source\Node\Scripts</Filter>
    </ClInclude>
    <ClInclude Include="Source\Manager\MgrGameObj.h">
      <Filter>Source\Manager</Filter>
    </ClInclude>
  </ItemGroup>
  <ItemGroup>
    <None Include="Resources\Shader\simple.frag">
      <Filter>Resources\Shader</Filter>
    </None>
    <None Include="Resources\Shader\unlit.frag">
      <Filter>Resources\Shader</Filter>
    </None>
    <None Include="Resources\Shader\default.vert">
      <Filter>Resources\Shader</Filter>
    </None>
    <None Include="Resources\Shader\simple.vert">
      <Filter>Resources\Shader</Filter>
    </None>
    <None Include="Resources\meshes.resource">
      <Filter>Resources</Filter>
    </None>
    <None Include="Resources\materials.resource">
      <Filter>Resources</Filter>
    </None>
  </ItemGroup>
</Project>